
Microsoft Visual Studio Solution File, Format Version 12.00
# Visual Studio Version 17
VisualStudioVersion = 17.0.32014.148
MinimumVisualStudioVersion = 10.0.40219.1
Project("{FAE04EC0-301F-11D3-BF4B-00C04F79EFBC}") = "EFCoreMigrations", "EFCoreMigrations\EFCoreMigrations.csproj", "{675777C2-18F9-462A-8792-97C5FAF1979D}"
EndProject
Global
	GlobalSection(SolutionConfigurationPlatforms) = preSolution
		Debug|Any CPU = Debug|Any CPU
		Release|Any CPU = Release|Any CPU
	EndGlobalSection
	GlobalSection(ProjectConfigurationPlatforms) = postSolution
		{675777C2-18F9-462A-8792-97C5FAF1979D}.Debug|Any CPU.ActiveCfg = Debug|Any CPU
		{675777C2-18F9-462A-8792-97C5FAF1979D}.Debug|Any CPU.Build.0 = Debug|Any CPU
		{675777C2-18F9-462A-8792-97C5FAF1979D}.Release|Any CPU.ActiveCfg = Release|Any CPU
		{675777C2-18F9-462A-8792-97C5FAF1979D}.Release|Any CPU.Build.0 = Release|Any CPU
	EndGlobalSection
	GlobalSection(SolutionProperties) = preSolution
		HideSolutionNode = FALSE
	EndGlobalSection
	GlobalSection(ExtensibilityGlobals) = postSolution
		SolutionGuid = {1E96C323-CEFC-48BF-8C3B-E28ED1EED839}
	EndGlobalSection
EndGlobal
